
Microsoft Visual Studio Solution File, Format Version 12.00
# Visual Studio Version 16
VisualStudioVersion = 16.0.30711.63
MinimumVisualStudioVersion = 10.0.40219.1
Project("{FAE04EC0-301F-11D3-BF4B-00C04F79EFBC}") = "n_Puzzle_JSON", "n_Puzzle_JSON\n_Puzzle_JSON.csproj", "{57E52BB9-6E7B-479B-A5DC-9A201021256B}"
EndProject
Global
	GlobalSection(SolutionConfigurationPlatforms) = preSolution
		Debug|Any CPU = Debug|Any CPU
		Release|Any CPU = Release|Any CPU
	EndGlobalSection
	GlobalSection(ProjectConfigurationPlatforms) = postSolution
		{57E52BB9-6E7B-479B-A5DC-9A201021256B}.Debug|Any CPU.ActiveCfg = Debug|Any CPU
		{57E52BB9-6E7B-479B-A5DC-9A201021256B}.Debug|Any CPU.Build.0 = Debug|Any CPU
		{57E52BB9-6E7B-479B-A5DC-9A201021256B}.Release|Any CPU.ActiveCfg = Release|Any CPU
		{57E52BB9-6E7B-479B-A5DC-9A201021256B}.Release|Any CPU.Build.0 = Release|Any CPU
	EndGlobalSection
	GlobalSection(SolutionProperties) = preSolution
		HideSolutionNode = FALSE
	EndGlobalSection
	GlobalSection(ExtensibilityGlobals) = postSolution
		SolutionGuid = {21AAE33D-27F0-4821-8B2F-9325829AE331}
	EndGlobalSection
EndGlobal
